// !$*UTF8*$!
{
	archiveVersion = 1;
	classes = {
	};
	objectVersion = 46;
	objects = {

/* Begin PBXBuildFile section */
		2F23DCC41BAE5C13001CA52D /* main.m in Sources */ = {isa = PBXBuildFile; fileRef = 2F23DCC31BAE5C13001CA52D /* main.m */; };
		2F23DCC71BAE5C13001CA52D /* AppDelegate.m in Sources */ = {isa = PBXBuildFile; fileRef = 2F23DCC61BAE5C13001CA52D /* AppDelegate.m */; };
		2F23DCCA1BAE5C13001CA52D /* ViewController.m in Sources */ = {isa = PBXBuildFile; fileRef = 2F23DCC91BAE5C13001CA52D /* ViewController.m */; };
		2F23DCCD1BAE5C13001CA52D /* Main.storyboard in Resources */ = {isa = PBXBuildFile; fileRef = 2F23DCCB1BAE5C13001CA52D /* Main.storyboard */; };
		2F23DCCF1BAE5C13001CA52D /* Assets.xcassets in Resources */ = {isa = PBXBuildFile; fileRef = 2F23DCCE1BAE5C13001CA52D /* Assets.xcassets */; };
		2F23DCD21BAE5C13001CA52D /* LaunchScreen.storyboard in Resources */ = {isa = PBXBuildFile; fileRef = 2F23DCD01BAE5C13001CA52D /* LaunchScreen.storyboard */; };
		2F23DCDD1BAE5C13001CA52D /* TaskAppChallengeTests.m in Sources */ = {isa = PBXBuildFile; fileRef = 2F23DCDC1BAE5C13001CA52D /* TaskAppChallengeTests.m */; };
		2F23DCE81BAE5C13001CA52D /* TaskAppChallengeUITests.m in Sources */ = {isa = PBXBuildFile; fileRef = 2F23DCE71BAE5C13001CA52D /* TaskAppChallengeUITests.m */; };
		2F23DCF71BAE5EE0001CA52D /* TaskViewController.m in Sources */ = {isa = PBXBuildFile; fileRef = 2F23DCF61BAE5EE0001CA52D /* TaskViewController.m */; settings = {ASSET_TAGS = (); }; };
		2F23DCFA1BAE5F18001CA52D /* AddTaskViewController.m in Sources */ = {isa = PBXBuildFile; fileRef = 2F23DCF91BAE5F18001CA52D /* AddTaskViewController.m */; settings = {ASSET_TAGS = (); }; };
		2F23DCFD1BAE5F30001CA52D /* EditTaskViewController.m in Sources */ = {isa = PBXBuildFile; fileRef = 2F23DCFC1BAE5F30001CA52D /* EditTaskViewController.m */; settings = {ASSET_TAGS = (); }; };
		2F23DCFF1BAE6468001CA52D /* addtask.png in Resources */ = {isa = PBXBuildFile; fileRef = 2F23DCFE1BAE6468001CA52D /* addtask.png */; settings = {ASSET_TAGS = (); }; };
/* End PBXBuildFile section */

/* Begin PBXContainerItemProxy section */
		2F23DCD91BAE5C13001CA52D /* PBXContainerItemProxy */ = {
			isa = PBXContainerItemProxy;
			containerPortal = 2F23DCB71BAE5C13001CA52D /* Project object */;
			proxyType = 1;
			remoteGlobalIDString = 2F23DCBE1BAE5C13001CA52D;
			remoteInfo = TaskAppChallenge;
		};
		2F23DCE41BAE5C13001CA52D /* PBXContainerItemProxy */ = {
			isa = PBXContainerItemProxy;
			containerPortal = 2F23DCB71BAE5C13001CA52D /* Project object */;
			proxyType = 1;
			remoteGlobalIDString = 2F23DCBE1BAE5C13001CA52D;
			remoteInfo = TaskAppChallenge;
		};
/* End PBXContainerItemProxy section */

/* Begin PBXFileReference section */
		2F23DCBF1BAE5C13001CA52D /* TaskAppChallenge.app */ = {isa = PBXFileReference; explicitFileType = wrapper.application; includeInIndex = 0; path = TaskAppChallenge.app; sourceTree = BUILT_PRODUCTS_DIR; };
		2F23DCC31BAE5C13001CA52D /* main.m */ = {isa = PBXFileReference; lastKnownFileType = sourcecode.c.objc; path = main.m; sourceTree = "<group>"; };
		2F23DCC51BAE5C13001CA52D /* AppDelegate.h */ = {isa = PBXFileReference; lastKnownFileType = sourcecode.c.h; path = AppDelegate.h; sourceTree = "<group>"; };
		2F23DCC61BAE5C13001CA52D /* AppDelegate.m */ = {isa = PBXFileReference; lastKnownFileType = sourcecode.c.objc; path = AppDelegate.m; sourceTree = "<group>"; };
		2F23DCC81BAE5C13001CA52D /* ViewController.h */ = {isa = PBXFileReference; lastKnownFileType = sourcecode.c.h; path = ViewController.h; sourceTree = "<group>"; };
		2F23DCC91BAE5C13001CA52D /* ViewController.m */ = {isa = PBXFileReference; lastKnownFileType = sourcecode.c.objc; path = ViewController.m; sourceTree = "<group>"; };
		2F23DCCC1BAE5C13001CA52D /* Base */ = {isa = PBXFileReference; lastKnownFileType = file.storyboard; name = Base; path = Base.lproj/Main.storyboard; sourceTree = "<group>"; };
		2F23DCCE1BAE5C13001CA52D /* Assets.xcassets */ = {isa = PBXFileReference; lastKnownFileType = folder.assetcatalog; path = Assets.xcassets; sourceTree = "<group>"; };
		2F23DCD11BAE5C13001CA52D /* Base */ = {isa = PBXFileReference; lastKnownFileType = file.storyboard; name = Base; path = Base.lproj/LaunchScreen.storyboard; sourceTree = "<group>"; };
		2F23DCD31BAE5C13001CA52D /* Info.plist */ = {isa = PBXFileReference; lastKnownFileType = text.plist.xml; path = Info.plist; sourceTree = "<group>"; };
		2F23DCD81BAE5C13001CA52D /* TaskAppChallengeTests.xctest */ = {isa = PBXFileReference; explicitFileType = wrapper.cfbundle; includeInIndex = 0; path = TaskAppChallengeTests.xctest; sourceTree = BUILT_PRODUCTS_DIR; };
		2F23DCDC1BAE5C13001CA52D /* TaskAppChallengeTests.m */ = {isa = PBXFileReference; lastKnownFileType = sourcecode.c.objc; path = TaskAppChallengeTests.m; sourceTree = "<group>"; };
		2F23DCDE1BAE5C13001CA52D /* Info.plist */ = {isa = PBXFileReference; lastKnownFileType = text.plist.xml; path = Info.plist; sourceTree = "<group>"; };
		2F23DCE31BAE5C13001CA52D /* TaskAppChallengeUITests.xctest */ = {isa = PBXFileReference; explicitFileType = wrapper.cfbundle; includeInIndex = 0; path = TaskAppChallengeUITests.xctest; sourceTree = BUILT_PRODUCTS_DIR; };
		2F23DCE71BAE5C13001CA52D /* TaskAppChallengeUITests.m */ = {isa = PBXFileReference; lastKnownFileType = sourcecode.c.objc; path = TaskAppChallengeUITests.m; sourceTree = "<group>"; };
		2F23DCE91BAE5C13001CA52D /* Info.plist */ = {isa = PBXFileReference; lastKnownFileType = text.plist.xml; path = Info.plist; sourceTree = "<group>"; };
		2F23DCF51BAE5EE0001CA52D /* TaskViewController.h */ = {isa = PBXFileReference; fileEncoding = 4; lastKnownFileType = sourcecode.c.h; path = TaskViewController.h; sourceTree = "<group>"; };
		2F23DCF61BAE5EE0001CA52D /* TaskViewController.m */ = {isa = PBXFileReference; fileEncoding = 4; lastKnownFileType = sourcecode.c.objc; path = TaskViewController.m; sourceTree = "<group>"; };
		2F23DCF81BAE5F18001CA52D /* AddTaskViewController.h */ = {isa = PBXFileReference; fileEncoding = 4; lastKnownFileType = sourcecode.c.h; path = AddTaskViewController.h; sourceTree = "<group>"; };
		2F23DCF91BAE5F18001CA52D /* AddTaskViewController.m */ = {isa = PBXFileReference; fileEncoding = 4; lastKnownFileType = sourcecode.c.objc; path = AddTaskViewController.m; sourceTree = "<group>"; };
		2F23DCFB1BAE5F30001CA52D /* EditTaskViewController.h */ = {isa = PBXFileReference; fileEncoding = 4; lastKnownFileType = sourcecode.c.h; path = EditTaskViewController.h; sourceTree = "<group>"; };
		2F23DCFC1BAE5F30001CA52D /* EditTaskViewController.m */ = {isa = PBXFileReference; fileEncoding = 4; lastKnownFileType = sourcecode.c.objc; path = EditTaskViewController.m; sourceTree = "<group>"; };
		2F23DCFE1BAE6468001CA52D /* addtask.png */ = {isa = PBXFileReference; lastKnownFileType = image.png; path = addtask.png; sourceTree = "<group>"; };
		2F23DD001BAE6DB5001CA52D /* TaskAppChallenge.pch */ = {isa = PBXFileReference; lastKnownFileType = sourcecode.c.h; path = TaskAppChallenge.pch; sourceTree = "<group>"; };
/* End PBXFileReference section */

/* Begin PBXFrameworksBuildPhase section */
		2F23DCBC1BAE5C13001CA52D /* Frameworks */ = {
			isa = PBXFrameworksBuildPhase;
			buildActionMask = 2147483647;
			files = (
			);
			runOnlyForDeploymentPostprocessing = 0;
		};
		2F23DCD51BAE5C13001CA52D /* Frameworks */ = {
			isa = PBXFrameworksBuildPhase;
			buildActionMask = 2147483647;
			files = (
			);
			runOnlyForDeploymentPostprocessing = 0;
		};
		2F23DCE01BAE5C13001CA52D /* Frameworks */ = {
			isa = PBXFrameworksBuildPhase;
			buildActionMask = 2147483647;
			files = (
			);
			runOnlyForDeploymentPostprocessing = 0;
		};
/* End PBXFrameworksBuildPhase section */

/* Begin PBXGroup section */
		2F23DCB61BAE5C13001CA52D = {
			isa = PBXGroup;
			children = (
				2F23DCC11BAE5C13001CA52D /* TaskAppChallenge */,
				2F23DCDB1BAE5C13001CA52D /* TaskAppChallengeTests */,
				2F23DCE61BAE5C13001CA52D /* TaskAppChallengeUITests */,
				2F23DCC01BAE5C13001CA52D /* Products */,
			);
			sourceTree = "<group>";
		};
		2F23DCC01BAE5C13001CA52D /* Products */ = {
			isa = PBXGroup;
			children = (
				2F23DCBF1BAE5C13001CA52D /* TaskAppChallenge.app */,
				2F23DCD81BAE5C13001CA52D /* TaskAppChallengeTests.xctest */,
				2F23DCE31BAE5C13001CA52D /* TaskAppChallengeUITests.xctest */,
			);
			name = Products;
			sourceTree = "<group>";
		};
		2F23DCC11BAE5C13001CA52D /* TaskAppChallenge */ = {
			isa = PBXGroup;
			children = (
				2F23DCC51BAE5C13001CA52D /* AppDelegate.h */,
				2F23DCC61BAE5C13001CA52D /* AppDelegate.m */,
				2F23DCC81BAE5C13001CA52D /* ViewController.h */,
				2F23DCC91BAE5C13001CA52D /* ViewController.m */,
				2F23DCCB1BAE5C13001CA52D /* Main.storyboard */,
				2F23DCFB1BAE5F30001CA52D /* EditTaskViewController.h */,
				2F23DCFC1BAE5F30001CA52D /* EditTaskViewController.m */,
				2F23DCF81BAE5F18001CA52D /* AddTaskViewController.h */,
				2F23DCF91BAE5F18001CA52D /* AddTaskViewController.m */,
				2F23DCF51BAE5EE0001CA52D /* TaskViewController.h */,
				2F23DCF61BAE5EE0001CA52D /* TaskViewController.m */,
				2F23DCCE1BAE5C13001CA52D /* Assets.xcassets */,
				2F23DCD01BAE5C13001CA52D /* LaunchScreen.storyboard */,
				2F23DCD31BAE5C13001CA52D /* Info.plist */,
				2F23DCC21BAE5C13001CA52D /* Supporting Files */,
			);
			path = TaskAppChallenge;
			sourceTree = "<group>";
		};
		2F23DCC21BAE5C13001CA52D /* Supporting Files */ = {
			isa = PBXGroup;
			children = (
				2F23DCFE1BAE6468001CA52D /* addtask.png */,
				2F23DD001BAE6DB5001CA52D /* TaskAppChallenge.pch */,
				2F23DCC31BAE5C13001CA52D /* main.m */,
			);
			name = "Supporting Files";
			sourceTree = "<group>";
		};
		2F23DCDB1BAE5C13001CA52D /* TaskAppChallengeTests */ = {
			isa = PBXGroup;
			children = (
				2F23DCDC1BAE5C13001CA52D /* TaskAppChallengeTests.m */,
				2F23DCDE1BAE5C13001CA52D /* Info.plist */,
			);
			path = TaskAppChallengeTests;
			sourceTree = "<group>";
		};
		2F23DCE61BAE5C13001CA52D /* TaskAppChallengeUITests */ = {
			isa = PBXGroup;
			children = (
				2F23DCE71BAE5C13001CA52D /* TaskAppChallengeUITests.m */,
				2F23DCE91BAE5C13001CA52D /* Info.plist */,
			);
			path = TaskAppChallengeUITests;
			sourceTree = "<group>";
		};
/* End PBXGroup section */

/* Begin PBXNativeTarget section */
		2F23DCBE1BAE5C13001CA52D /* TaskAppChallenge */ = {
			isa = PBXNativeTarget;
			buildConfigurationList = 2F23DCEC1BAE5C13001CA52D /* Build configuration list for PBXNativeTarget "TaskAppChallenge" */;
			buildPhases = (
				2F23DCBB1BAE5C13001CA52D /* Sources */,
				2F23DCBC1BAE5C13001CA52D /* Frameworks */,
				2F23DCBD1BAE5C13001CA52D /* Resources */,
			);
			buildRules = (
			);
			dependencies = (
			);
			name = TaskAppChallenge;
			productName = TaskAppChallenge;
			productReference = 2F23DCBF1BAE5C13001CA52D /* TaskAppChallenge.app */;
			productType = "com.apple.product-type.application";
		};
		2F23DCD71BAE5C13001CA52D /* TaskAppChallengeTests */ = {
			isa = PBXNativeTarget;
			buildConfigurationList = 2F23DCEF1BAE5C13001CA52D /* Build configuration list for PBXNativeTarget "TaskAppChallengeTests" */;
			buildPhases = (
				2F23DCD41BAE5C13001CA52D /* Sources */,
				2F23DCD51BAE5C13001CA52D /* Frameworks */,
				2F23DCD61BAE5C13001CA52D /* Resources */,
			);
			buildRules = (
			);
			dependencies = (
				2F23DCDA1BAE5C13001CA52D /* PBXTargetDependency */,
			);
			name = TaskAppChallengeTests;
			productName = TaskAppChallengeTests;
			productReference = 2F23DCD81BAE5C13001CA52D /* TaskAppChallengeTests.xctest */;
			productType = "com.apple.product-type.bundle.unit-test";
		};
		2F23DCE21BAE5C13001CA52D /* TaskAppChallengeUITests */ = {
			isa = PBXNativeTarget;
			buildConfigurationList = 2F23DCF21BAE5C13001CA52D /* Build configuration list for PBXNativeTarget "TaskAppChallengeUITests" */;
			buildPhases = (
				2F23DCDF1BAE5C13001CA52D /* Sources */,
				2F23DCE01BAE5C13001CA52D /* Frameworks */,
				2F23DCE11BAE5C13001CA52D /* Resources */,
			);
			buildRules = (
			);
			dependencies = (
				2F23DCE51BAE5C13001CA52D /* PBXTargetDependency */,
			);
			name = TaskAppChallengeUITests;
			productName = TaskAppChallengeUITests;
			productReference = 2F23DCE31BAE5C13001CA52D /* TaskAppChallengeUITests.xctest */;
			productType = "com.apple.product-type.bundle.ui-testing";
		};
/* End PBXNativeTarget section */

/* Begin PBXProject section */
		2F23DCB71BAE5C13001CA52D /* Project object */ = {
			isa = PBXProject;
			attributes = {
				LastUpgradeCheck = 0700;
				ORGANIZATIONNAME = "Emmanuel Cuevas";
				TargetAttributes = {
					2F23DCBE1BAE5C13001CA52D = {
						CreatedOnToolsVersion = 7.0;
					};
					2F23DCD71BAE5C13001CA52D = {
						CreatedOnToolsVersion = 7.0;
						TestTargetID = 2F23DCBE1BAE5C13001CA52D;
					};
					2F23DCE21BAE5C13001CA52D = {
						CreatedOnToolsVersion = 7.0;
						TestTargetID = 2F23DCBE1BAE5C13001CA52D;
					};
				};
			};
			buildConfigurationList = 2F23DCBA1BAE5C13001CA52D /* Build configuration list for PBXProject "TaskAppChallenge" */;
			compatibilityVersion = "Xcode 3.2";
			developmentRegion = English;
			hasScannedForEncodings = 0;
			knownRegions = (
				en,
				Base,
			);
			mainGroup = 2F23DCB61BAE5C13001CA52D;
			productRefGroup = 2F23DCC01BAE5C13001CA52D /* Products */;
			projectDirPath = "";
			projectRoot = "";
			targets = (
				2F23DCBE1BAE5C13001CA52D /* TaskAppChallenge */,
				2F23DCD71BAE5C13001CA52D /* TaskAppChallengeTests */,
				2F23DCE21BAE5C13001CA52D /* TaskAppChallengeUITests */,
			);
		};
/* End PBXProject section */

/* Begin PBXResourcesBuildPhase section */
		2F23DCBD1BAE5C13001CA52D /* Resources */ = {
			isa = PBXResourcesBuildPhase;
			buildActionMask = 2147483647;
			files = (
				2F23DCD21BAE5C13001CA52D /* LaunchScreen.storyboard in Resources */,
				2F23DCCF1BAE5C13001CA52D /* Assets.xcassets in Resources */,
				2F23DCFF1BAE6468001CA52D /* addtask.png in Resources */,
				2F23DCCD1BAE5C13001CA52D /* Main.storyboard in Resources */,
			);
			runOnlyForDeploymentPostprocessing = 0;
		};
		2F23DCD61BAE5C13001CA52D /* Resources */ = {
			isa = PBXResourcesBuildPhase;
			buildActionMask = 2147483647;
			files = (
			);
			runOnlyForDeploymentPostprocessing = 0;
		};
		2F23DCE11BAE5C13001CA52D /* Resources */ = {
			isa = PBXResourcesBuildPhase;
			buildActionMask = 2147483647;
			files = (
			);
			runOnlyForDeploymentPostprocessing = 0;
		};
/* End PBXResourcesBuildPhase section */

/* Begin PBXSourcesBuildPhase section */
		2F23DCBB1BAE5C13001CA52D /* Sources */ = {
			isa = PBXSourcesBuildPhase;
			buildActionMask = 2147483647;
			files = (
				2F23DCFA1BAE5F18001CA52D /* AddTaskViewController.m in Sources */,
				2F23DCCA1BAE5C13001CA52D /* ViewController.m in Sources */,
				2F23DCF71BAE5EE0001CA52D /* TaskViewController.m in Sources */,
				2F23DCFD1BAE5F30001CA52D /* EditTaskViewController.m in Sources */,
				2F23DCC71BAE5C13001CA52D /* AppDelegate.m in Sources */,
				2F23DCC41BAE5C13001CA52D /* main.m in Sources */,
			);
			runOnlyForDeploymentPostprocessing = 0;
		};
		2F23DCD41BAE5C13001CA52D /* Sources */ = {
			isa = PBXSourcesBuildPhase;
			buildActionMask = 2147483647;
			files = (
				2F23DCDD1BAE5C13001CA52D /* TaskAppChallengeTests.m in Sources */,
			);
			runOnlyForDeploymentPostprocessing = 0;
		};
		2F23DCDF1BAE5C13001CA52D /* Sources */ = {
			isa = PBXSourcesBuildPhase;
			buildActionMask = 2147483647;
			files = (
				2F23DCE81BAE5C13001CA52D /* TaskAppChallengeUITests.m in Sources */,
			);
			runOnlyForDeploymentPostprocessing = 0;
		};
/* End PBXSourcesBuildPhase section */

/* Begin PBXTargetDependency section */
		2F23DCDA1BAE5C13001CA52D /* PBXTargetDependency */ = {
			isa = PBXTargetDependency;
			target = 2F23DCBE1BAE5C13001CA52D /* TaskAppChallenge */;
			targetProxy = 2F23DCD91BAE5C13001CA52D /* PBXContainerItemProxy */;
		};
		2F23DCE51BAE5C13001CA52D /* PBXTargetDependency */ = {
			isa = PBXTargetDependency;
			target = 2F23DCBE1BAE5C13001CA52D /* TaskAppChallenge */;
			targetProxy = 2F23DCE41BAE5C13001CA52D /* PBXContainerItemProxy */;
		};
/* End PBXTargetDependency section */

/* Begin PBXVariantGroup section */
		2F23DCCB1BAE5C13001CA52D /* Main.storyboard */ = {
			isa = PBXVariantGroup;
			children = (
				2F23DCCC1BAE5C13001CA52D /* Base */,
			);
			name = Main.storyboard;
			sourceTree = "<group>";
		};
		2F23DCD01BAE5C13001CA52D /* LaunchScreen.storyboard */ = {
			isa = PBXVariantGroup;
			children = (
				2F23DCD11BAE5C13001CA52D /* Base */,
			);
			name = LaunchScreen.storyboard;
			sourceTree = "<group>";
		};
/* End PBXVariantGroup section */

/* Begin XCBuildConfiguration section */
		2F23DCEA1BAE5C13001CA52D /* Debug */ = {
			isa = XCBuildConfiguration;
			buildSettings = {
				ALWAYS_SEARCH_USER_PATHS = NO;
				CLANG_CXX_LANGUAGE_STANDARD = "gnu++0x";
				CLANG_CXX_LIBRARY = "libc++";
				CLANG_ENABLE_MODULES = YES;
				CLANG_ENABLE_OBJC_ARC = YES;
				CLANG_WARN_BOOL_CONVERSION = YES;
				CLANG_WARN_CONSTANT_CONVERSION = YES;
				CLANG_WARN_DIRECT_OBJC_ISA_USAGE = YES_ERROR;
				CLANG_WARN_EMPTY_BODY = YES;
				CLANG_WARN_ENUM_CONVERSION = YES;
				CLANG_WARN_INT_CONVERSION = YES;
				CLANG_WARN_OBJC_ROOT_CLASS = YES_ERROR;
				CLANG_WARN_UNREACHABLE_CODE = YES;
				CLANG_WARN__DUPLICATE_METHOD_MATCH = YES;
				"CODE_SIGN_IDENTITY[sdk=iphoneos*]" = "iPhone Developer";
				COPY_PHASE_STRIP = NO;
				DEBUG_INFORMATION_FORMAT = dwarf;
				ENABLE_STRICT_OBJC_MSGSEND = YES;
				ENABLE_TESTABILITY = YES;
				GCC_C_LANGUAGE_STANDARD = gnu99;
				GCC_DYNAMIC_NO_PIC = NO;
				GCC_NO_COMMON_BLOCKS = YES;
				GCC_OPTIMIZATION_LEVEL = 0;
				GCC_PREPROCESSOR_DEFINITIONS = (
					"DEBUG=1",
					"$(inherited)",
				);
				GCC_WARN_64_TO_32_BIT_CONVERSION = YES;
				GCC_WARN_ABOUT_RETURN_TYPE = YES_ERROR;
				GCC_WARN_UNDECLARED_SELECTOR = YES;
				GCC_WARN_UNINITIALIZED_AUTOS = YES_AGGRESSIVE;
				GCC_WARN_UNUSED_FUNCTION = YES;
				GCC_WARN_UNUSED_VARIABLE = YES;
				IPHONEOS_DEPLOYMENT_TARGET = 9.0;
				MTL_ENABLE_DEBUG_INFO = YES;
				ONLY_ACTIVE_ARCH = YES;
				SDKROOT = iphoneos;
			};
			name = Debug;
		};
		2F23DCEB1BAE5C13001CA52D /* Release */ = {
			isa = XCBuildConfiguration;
			buildSettings = {
				ALWAYS_SEARCH_USER_PATHS = NO;
				CLANG_CXX_LANGUAGE_STANDARD = "gnu++0x";
				CLANG_CXX_LIBRARY = "libc++";
				CLANG_ENABLE_MODULES = YES;
				CLANG_ENABLE_OBJC_ARC = YES;
				CLANG_WARN_BOOL_CONVERSION = YES;
				CLANG_WARN_CONSTANT_CONVERSION = YES;
				CLANG_WARN_DIRECT_OBJC_ISA_USAGE = YES_ERROR;
				CLANG_WARN_EMPTY_BODY = YES;
				CLANG_WARN_ENUM_CONVERSION = YES;
				CLANG_WARN_INT_CONVERSION = YES;
				CLANG_WARN_OBJC_ROOT_CLASS = YES_ERROR;
				CLANG_WARN_UNREACHABLE_CODE = YES;
				CLANG_WARN__DUPLICATE_METHOD_MATCH = YES;
				"CODE_SIGN_IDENTITY[sdk=iphoneos*]" = "iPhone Developer";
				COPY_PHASE_STRIP = NO;
				DEBUG_INFORMATION_FORMAT = "dwarf-with-dsym";
				ENABLE_NS_ASSERTIONS = NO;
				ENABLE_STRICT_OBJC_MSGSEND = YES;
				GCC_C_LANGUAGE_STANDARD = gnu99;
				GCC_NO_COMMON_BLOCKS = YES;
				GCC_WARN_64_TO_32_BIT_CONVERSION = YES;
				GCC_WARN_ABOUT_RETURN_TYPE = YES_ERROR;
				GCC_WARN_UNDECLARED_SELECTOR = YES;
				GCC_WARN_UNINITIALIZED_AUTOS = YES_AGGRESSIVE;
				GCC_WARN_UNUSED_FUNCTION = YES;
				GCC_WARN_UNUSED_VARIABLE = YES;
				IPHONEOS_DEPLOYMENT_TARGET = 9.0;
				MTL_ENABLE_DEBUG_INFO = NO;
				SDKROOT = iphoneos;
				VALIDATE_PRODUCT = YES;
			};
			name = Release;
		};
		2F23DCED1BAE5C13001CA52D /* Debug */ = {
			isa = XCBuildConfiguration;
			buildSettings = {
				ASSETCATALOG_COMPILER_APPICON_NAME = AppIcon;
				GCC_PREFIX_HEADER = TaskAppChallenge/TaskAppChallenge.pch;
				INFOPLIST_FILE = TaskAppChallenge/Info.plist;
				LD_RUNPATH_SEARCH_PATHS = "$(inherited) @executable_path/Frameworks";
				PRODUCT_BUNDLE_IDENTIFIER = IBM.TaskAppChallenge;
				PRODUCT_NAME = "$(TARGET_NAME)";
			};
			name = Debug;
		};
		2F23DCEE1BAE5C13001CA52D /* Release */ = {
			isa = XCBuildConfiguration;
			buildSettings = {
				ASSETCATALOG_COMPILER_APPICON_NAME = AppIcon;
				GCC_PREFIX_HEADER = TaskAppChallenge/TaskAppChallenge.pch;
				INFOPLIST_FILE = TaskAppChallenge/Info.plist;
				LD_RUNPATH_SEARCH_PATHS = "$(inherited) @executable_path/Frameworks";
				PRODUCT_BUNDLE_IDENTIFIER = IBM.TaskAppChallenge;
				PRODUCT_NAME = "$(TARGET_NAME)";
			};
			name = Release;
		};
		2F23DCF01BAE5C13001CA52D /* Debug */ = {
			isa = XCBuildConfiguration;
			buildSettings = {
				BUNDLE_LOADER = "$(TEST_HOST)";
				INFOPLIST_FILE = TaskAppChallengeTests/Info.plist;
				LD_RUNPATH_SEARCH_PATHS = "$(inherited) @executable_path/Frameworks @loader_path/Frameworks";
				PRODUCT_BUNDLE_IDENTIFIER = IBM.TaskAppChallengeTests;
				PRODUCT_NAME = "$(TARGET_NAME)";
				TEST_HOST = "$(BUILT_PRODUCTS_DIR)/TaskAppChallenge.app/TaskAppChallenge";
			};
			name = Debug;
		};
		2F23DCF11BAE5C13001CA52D /* Release */ = {
			isa = XCBuildConfiguration;
			buildSettings = {
				BUNDLE_LOADER = "$(TEST_HOST)";
				INFOPLIST_FILE = TaskAppChallengeTests/Info.plist;
				LD_RUNPATH_SEARCH_PATHS = "$(inherited) @executable_path/Frameworks @loader_path/Frameworks";
				PRODUCT_BUNDLE_IDENTIFIER = IBM.TaskAppChallengeTests;
				PRODUCT_NAME = "$(TARGET_NAME)";
				TEST_HOST = "$(BUILT_PRODUCTS_DIR)/TaskAppChallenge.app/TaskAppChallenge";
			};
			name = Release;
		};
		2F23DCF31BAE5C13001CA52D /* Debug */ = {
			isa = XCBuildConfiguration;
			buildSettings = {
				INFOPLIST_FILE = TaskAppChallengeUITests/Info.plist;
				LD_RUNPATH_SEARCH_PATHS = "$(inherited) @executable_path/Frameworks @loader_path/Frameworks";
				PRODUCT_BUNDLE_IDENTIFIER = IBM.TaskAppChallengeUITests;
				PRODUCT_NAME = "$(TARGET_NAME)";
				TEST_TARGET_NAME = TaskAppChallenge;
				USES_XCTRUNNER = YES;
			};
			name = Debug;
		};
		2F23DCF41BAE5C13001CA52D /* Release */ = {
			isa = XCBuildConfiguration;
			buildSettings = {
				INFOPLIST_FILE = TaskAppChallengeUITests/Info.plist;
				LD_RUNPATH_SEARCH_PATHS = "$(inherited) @executable_path/Frameworks @loader_path/Frameworks";
				PRODUCT_BUNDLE_IDENTIFIER = IBM.TaskAppChallengeUITests;
				PRODUCT_NAME = "$(TARGET_NAME)";
				TEST_TARGET_NAME = TaskAppChallenge;
				USES_XCTRUNNER = YES;
			};
			name = Release;
		};
/* End XCBuildConfiguration section */

/* Begin XCConfigurationList section */
		2F23DCBA1BAE5C13001CA52D /* Build configuration list for PBXProject "TaskAppChallenge" */ = {
			isa = XCConfigurationList;
			buildConfigurations = (
				2F23DCEA1BAE5C13001CA52D /* Debug */,
				2F23DCEB1BAE5C13001CA52D /* Release */,
			);
			defaultConfigurationIsVisible = 0;
			defaultConfigurationName = Release;
		};
		2F23DCEC1BAE5C13001CA52D /* Build configuration list for PBXNativeTarget "TaskAppChallenge" */ = {
			isa = XCConfigurationList;
			buildConfigurations = (
				2F23DCED1BAE5C13001CA52D /* Debug */,
				2F23DCEE1BAE5C13001CA52D /* Release */,
			);
			defaultConfigurationIsVisible = 0;
		};
		2F23DCEF1BAE5C13001CA52D /* Build configuration list for PBXNativeTarget "TaskAppChallengeTests" */ = {
			isa = XCConfigurationList;
			buildConfigurations = (
				2F23DCF01BAE5C13001CA52D /* Debug */,
				2F23DCF11BAE5C13001CA52D /* Release */,
			);
			defaultConfigurationIsVisible = 0;
		};
		2F23DCF21BAE5C13001CA52D /* Build configuration list for PBXNativeTarget "TaskAppChallengeUITests" */ = {
			isa = XCConfigurationList;
			buildConfigurations = (
				2F23DCF31BAE5C13001CA52D /* Debug */,
				2F23DCF41BAE5C13001CA52D /* Release */,
			);
			defaultConfigurationIsVisible = 0;
		};
/* End XCConfigurationList section */
	};
	rootObject = 2F23DCB71BAE5C13001CA52D /* Project object */;
}
